
Microsoft Visual Studio Solution File, Format Version 12.00
# Visual Studio Version 17
VisualStudioVersion = 17.13.35931.197
MinimumVisualStudioVersion = 10.0.40219.1
Project("{FAE04EC0-301F-11D3-BF4B-00C04F79EFBC}") = "Ether.Net", "Ether.Net\Ether.Net.csproj", "{D6200BE1-48DE-4DD8-AF23-BAE5D8315D97}"
EndProject
Project("{FAE04EC0-301F-11D3-BF4B-00C04F79EFBC}") = "Ether.Net.ConsoleApp", "Ether.Net.ConsoleApp\Ether.Net.ConsoleApp.csproj", "{EBED6167-1507-4412-BF99-F6ED2D393436}"
EndProject
Project("{FAE04EC0-301F-11D3-BF4B-00C04F79EFBC}") = "Ether.Net.Scanner", "Ether.Net.Scanner\Ether.Net.Scanner.csproj", "{EB4666A3-FCE2-4043-96EA-96FE0CB22826}"
EndProject
Global
	GlobalSection(SolutionConfigurationPlatforms) = preSolution
		Debug|Any CPU = Debug|Any CPU
		Release|Any CPU = Release|Any CPU
	EndGlobalSection
	GlobalSection(ProjectConfigurationPlatforms) = postSolution
		{D6200BE1-48DE-4DD8-AF23-BAE5D8315D97}.Debug|Any CPU.ActiveCfg = Debug|Any CPU
		{D6200BE1-48DE-4DD8-AF23-BAE5D8315D97}.Debug|Any CPU.Build.0 = Debug|Any CPU
		{D6200BE1-48DE-4DD8-AF23-BAE5D8315D97}.Release|Any CPU.ActiveCfg = Release|Any CPU
		{D6200BE1-48DE-4DD8-AF23-BAE5D8315D97}.Release|Any CPU.Build.0 = Release|Any CPU
		{EBED6167-1507-4412-BF99-F6ED2D393436}.Debug|Any CPU.ActiveCfg = Debug|Any CPU
		{EBED6167-1507-4412-BF99-F6ED2D393436}.Debug|Any CPU.Build.0 = Debug|Any CPU
		{EBED6167-1507-4412-BF99-F6ED2D393436}.Release|Any CPU.ActiveCfg = Release|Any CPU
		{EBED6167-1507-4412-BF99-F6ED2D393436}.Release|Any CPU.Build.0 = Release|Any CPU
		{EB4666A3-FCE2-4043-96EA-96FE0CB22826}.Debug|Any CPU.ActiveCfg = Debug|Any CPU
		{EB4666A3-FCE2-4043-96EA-96FE0CB22826}.Debug|Any CPU.Build.0 = Debug|Any CPU
		{EB4666A3-FCE2-4043-96EA-96FE0CB22826}.Release|Any CPU.ActiveCfg = Release|Any CPU
		{EB4666A3-FCE2-4043-96EA-96FE0CB22826}.Release|Any CPU.Build.0 = Release|Any CPU
	EndGlobalSection
	GlobalSection(SolutionProperties) = preSolution
		HideSolutionNode = FALSE
	EndGlobalSection
	GlobalSection(ExtensibilityGlobals) = postSolution
		SolutionGuid = {B35A39C7-726C-4E8C-89CB-2F490461A067}
	EndGlobalSection
EndGlobal
